<?xml version="1.0"?>
<CONFIG>
  <ProjectOptions>
    <PathDelim Value="\"/>
    <Version Value="5"/>
    <General>
      <MainUnit Value="0"/>
      <IconPath Value=".\"/>
      <TargetFileExt Value=".exe"/>
      <ActiveEditorIndexAtStart Value="17"/>
    </General>
    <PublishOptions>
      <Version Value="2"/>
      <DestinationDirectory Value="$(TestDir)\publishedproject\"/>
      <IgnoreBinaries Value="False"/>
      <IncludeFileFilter Value="*.(pas|pp|inc|lfm|lpr|lrs|lpi|lpk|sh|xml)"/>
      <ExcludeFileFilter Value="*.(bak|ppu|ppw|o|so);*~;backup"/>
    </PublishOptions>
    <RunParams>
      <local>
        <FormatVersion Value="1"/>
        <LaunchingApplication PathPlusParams="\usr\X11R6\bin\xterm -T 'Lazarus Run Output' -e $(LazarusDir)\tools\runwait.sh $(TargetCmdLine)"/>
      </local>
    </RunParams>
    <RequiredPackages Count="1">
      <Item1>
        <PackageName Value="LCL"/>
      </Item1>
    </RequiredPackages>
    <Units Count="79">
      <Unit0>
        <Filename Value="atominsa.lpr"/>
        <UnitName Value="atominsa"/>
        <CursorPos X="33" Y="157"/>
        <TopLine Value="1"/>
        <EditorIndex Value="1"/>
        <UsageCount Value="102"/>
        <Loaded Value="True"/>
      </Unit0>
      <Unit1>
        <Filename Value="ucore.pas"/>
        <UnitName Value="UCore"/>
        <CursorPos X="30" Y="25"/>
        <TopLine Value="11"/>
        <EditorIndex Value="0"/>
        <UsageCount Value="102"/>
        <Loaded Value="True"/>
      </Unit1>
      <Unit2>
        <Filename Value="uutils.pas"/>
        <UnitName Value="UUtils"/>
        <CursorPos X="6" Y="31"/>
        <TopLine Value="325"/>
        <EditorIndex Value="10"/>
        <UsageCount Value="102"/>
        <Loaded Value="True"/>
      </Unit2>
      <Unit3>
        <Filename Value="uform.lfm"/>
        <CursorPos X="1" Y="1"/>
        <TopLine Value="1"/>
        <UsageCount Value="2"/>
        <SyntaxHighlighter Value="LFM"/>
      </Unit3>
      <Unit4>
        <Filename Value="uform.pas"/>
        <ComponentName Value="Window"/>
        <HasResources Value="True"/>
        <ResourceFilename Value="uform.lrs"/>
        <UnitName Value="UForm"/>
        <CursorPos X="12" Y="49"/>
        <TopLine Value="1"/>
        <UsageCount Value="100"/>
      </Unit4>
      <Unit5>
        <Filename Value="gl.pp"/>
        <UnitName Value="GL"/>
        <CursorPos X="23" Y="86"/>
        <TopLine Value="71"/>
        <UsageCount Value="10"/>
      </Unit5>
      <Unit6>
        <Filename Value="usetup.pas"/>
        <UnitName Value="USetup"/>
        <CursorPos X="29" Y="64"/>
        <TopLine Value="71"/>
        <EditorIndex Value="2"/>
        <UsageCount Value="100"/>
        <Loaded Value="True"/>
      </Unit6>
      <Unit7>
        <Filename Value="usr\lib\lazarus\lcl\forms.pp"/>
        <UnitName Value="Forms"/>
        <CursorPos X="8" Y="10"/>
        <TopLine Value="1"/>
        <UsageCount Value="4"/>
      </Unit7>
      <Unit8>
        <Filename Value="usr\lib\lazarus\lcl\fpcadds.pas"/>
        <UnitName Value="FPCAdds"/>
        <CursorPos X="1" Y="70"/>
        <TopLine Value="51"/>
        <UsageCount Value="4"/>
      </Unit8>
      <Unit9>
        <Filename Value="graphics.pp"/>
        <UnitName Value="Graphics"/>
        <CursorPos X="20" Y="9"/>
        <TopLine Value="1"/>
        <UsageCount Value="4"/>
      </Unit9>
      <Unit10>
        <Filename Value="ucharacter.pas"/>
        <UnitName Value="UCharacter"/>
        <CursorPos X="14" Y="125"/>
        <TopLine Value="122"/>
        <UsageCount Value="92"/>
      </Unit10>
      <Unit11>
        <Filename Value="umap.pas"/>
        <UnitName Value="UMap"/>
        <CursorPos X="1" Y="153"/>
        <TopLine Value="134"/>
        <UsageCount Value="92"/>
      </Unit11>
      <Unit12>
        <Filename Value="uscheme.pas"/>
        <UnitName Value="UScheme"/>
        <CursorPos X="61" Y="287"/>
        <TopLine Value="183"/>
        <UsageCount Value="102"/>
      </Unit12>
      <Unit13>
        <Filename Value="uspawn.pas"/>
        <UnitName Value="USpawn"/>
        <CursorPos X="19" Y="49"/>
        <TopLine Value="17"/>
        <UsageCount Value="92"/>
      </Unit13>
      <Unit14>
        <Filename Value="ugrid.pas"/>
        <UnitName Value="UGrid"/>
        <CursorPos X="106" Y="82"/>
        <TopLine Value="64"/>
        <EditorIndex Value="20"/>
        <UsageCount Value="101"/>
        <Loaded Value="True"/>
      </Unit14>
      <Unit15>
        <Filename Value="ubomberman.pas"/>
        <UnitName Value="UBomberman"/>
        <CursorPos X="42" Y="935"/>
        <TopLine Value="927"/>
        <EditorIndex Value="17"/>
        <UsageCount Value="100"/>
        <Loaded Value="True"/>
      </Unit15>
      <Unit16>
        <Filename Value="udisease.pas"/>
        <UnitName Value="UDisease"/>
        <CursorPos X="23" Y="17"/>
        <TopLine Value="3"/>
        <UsageCount Value="100"/>
      </Unit16>
      <Unit17>
        <Filename Value="usr\share\fpcsrc\fcl\inc\custapp.pp"/>
        <UnitName Value="CustApp"/>
        <CursorPos X="15" Y="53"/>
        <TopLine Value="34"/>
        <UsageCount Value="6"/>
      </Unit17>
      <Unit18>
        <Filename Value="ubomb.pas"/>
        <UnitName Value="UBomb"/>
        <CursorPos X="17" Y="411"/>
        <TopLine Value="9"/>
        <EditorIndex Value="22"/>
        <UsageCount Value="100"/>
        <Loaded Value="True"/>
      </Unit18>
      <Unit19>
        <Filename Value="uflame.pas"/>
        <UnitName Value="UFlame"/>
        <CursorPos X="1" Y="247"/>
        <TopLine Value="234"/>
        <EditorIndex Value="19"/>
        <UsageCount Value="100"/>
        <Loaded Value="True"/>
      </Unit19>
      <Unit20>
        <Filename Value="JPGIMG.PAS"/>
        <UnitName Value="JpgImg"/>
        <CursorPos X="34" Y="101"/>
        <TopLine Value="90"/>
        <UsageCount Value="6"/>
      </Unit20>
      <Unit21>
        <Filename Value="..\..\Users\Thomas\Desktop\Lazarus\lcl\include\bitmap.inc"/>
        <CursorPos X="1" Y="563"/>
        <TopLine Value="544"/>
        <UsageCount Value="6"/>
      </Unit21>
      <Unit22>
        <Filename Value="fmodtypes.pas"/>
        <UnitName Value="fmodtypes"/>
        <CursorPos X="3" Y="74"/>
        <TopLine Value="55"/>
        <UsageCount Value="6"/>
      </Unit22>
      <Unit23>
        <Filename Value="..\..\Lazarus\fpc\2.0.4\source\rtl\objpas\sysutils\sysstrh.inc"/>
        <CursorPos X="28" Y="60"/>
        <TopLine Value="48"/>
        <UsageCount Value="6"/>
      </Unit23>
      <Unit24>
        <Filename Value="ublock.pas"/>
        <UnitName Value="UBlock"/>
        <CursorPos X="1" Y="15"/>
        <TopLine Value="1"/>
        <EditorIndex Value="7"/>
        <UsageCount Value="101"/>
        <Loaded Value="True"/>
      </Unit24>
      <Unit25>
        <Filename Value="ukick.pas"/>
        <UnitName Value="UKick"/>
        <CursorPos X="20" Y="32"/>
        <TopLine Value="12"/>
        <UsageCount Value="94"/>
      </Unit25>
      <Unit26>
        <Filename Value="upowerup.pas"/>
        <UnitName Value="UPowerUp"/>
        <CursorPos X="25" Y="81"/>
        <TopLine Value="69"/>
        <UsageCount Value="99"/>
      </Unit26>
      <Unit27>
        <Filename Value="..\..\..\Lazarus\fpc\2.0.4\source\rtl\objpas\sysutils\datih.inc"/>
        <CursorPos X="12" Y="111"/>
        <TopLine Value="92"/>
        <UsageCount Value="10"/>
      </Unit27>
      <Unit28>
        <Filename Value="..\..\..\Lazarus\fpc\2.0.4\source\rtl\objpas\sysutils\dati.inc"/>
        <CursorPos X="11" Y="248"/>
        <TopLine Value="244"/>
        <UsageCount Value="10"/>
      </Unit28>
      <Unit29>
        <Filename Value="..\..\..\Lazarus\fpc\2.0.4\source\rtl\inc\systemh.inc"/>
        <CursorPos X="14" Y="539"/>
        <TopLine Value="520"/>
        <UsageCount Value="2"/>
      </Unit29>
      <Unit30>
        <Filename Value="..\..\..\Lazarus\fpc\2.0.4\source\rtl\win32\wininc\struct.inc"/>
        <CursorPos X="14" Y="3824"/>
        <TopLine Value="3805"/>
        <UsageCount Value="10"/>
      </Unit30>
      <Unit31>
        <Filename Value="..\..\..\Lazarus\fpc\2.0.4\source\rtl\win32\sysutils.pp"/>
        <UnitName Value="sysutils"/>
        <CursorPos X="3" Y="36"/>
        <TopLine Value="121"/>
        <UsageCount Value="10"/>
      </Unit31>
      <Unit32>
        <Filename Value="..\..\..\Lazarus\fpc\2.0.4\source\rtl\win32\windows.pp"/>
        <UnitName Value="windows"/>
        <CursorPos X="6" Y="15"/>
        <TopLine Value="25"/>
        <UsageCount Value="10"/>
      </Unit32>
      <Unit33>
        <Filename Value="..\..\..\Lazarus\fpc\2.0.4\source\rtl\win32\wininc\redef.inc"/>
        <CursorPos X="1" Y="492"/>
        <TopLine Value="473"/>
        <UsageCount Value="10"/>
      </Unit33>
      <Unit34>
        <Filename Value="..\..\..\atominsa\current\atominsa.lpr"/>
        <UnitName Value="atominsa"/>
        <CursorPos X="1" Y="548"/>
        <TopLine Value="533"/>
        <UsageCount Value="10"/>
      </Unit34>
      <Unit35>
        <Filename Value="..\..\..\atominsa\current\uutils.pas"/>
        <UnitName Value="UUtils"/>
        <CursorPos X="22" Y="55"/>
        <TopLine Value="38"/>
        <UsageCount Value="1"/>
      </Unit35>
      <Unit36>
        <Filename Value="upractice.pas"/>
        <IsPartOfProject Value="True"/>
        <UnitName Value="UPractice"/>
        <CursorPos X="44" Y="28"/>
        <TopLine Value="7"/>
        <EditorIndex Value="5"/>
        <UsageCount Value="200"/>
        <Loaded Value="True"/>
      </Unit36>
      <Unit37>
        <Filename Value="umenu.pas"/>
        <IsPartOfProject Value="True"/>
        <UnitName Value="UMenu"/>
        <CursorPos X="22" Y="15"/>
        <TopLine Value="133"/>
        <UsageCount Value="200"/>
      </Unit37>
      <Unit38>
        <Filename Value="uintro.pas"/>
        <IsPartOfProject Value="True"/>
        <UnitName Value="UIntro"/>
        <CursorPos X="21" Y="10"/>
        <TopLine Value="17"/>
        <UsageCount Value="212"/>
      </Unit38>
      <Unit39>
        <Filename Value="..\..\..\Lazarus\fpc\2.0.4\source\rtl\inc\file.inc"/>
        <CursorPos X="3" Y="83"/>
        <TopLine Value="78"/>
        <UsageCount Value="2"/>
      </Unit39>
      <Unit40>
        <Filename Value="ueditor.pas"/>
        <IsPartOfProject Value="True"/>
        <UnitName Value="UEditor"/>
        <CursorPos X="40" Y="8"/>
        <TopLine Value="1"/>
        <EditorIndex Value="16"/>
        <UsageCount Value="200"/>
        <Loaded Value="True"/>
      </Unit40>
      <Unit41>
        <Filename Value="..\..\..\Lazarus\fpc\2.0.4\source\rtl\objpas\sysutils\filutilh.inc"/>
        <CursorPos X="12" Y="53"/>
        <TopLine Value="30"/>
        <UsageCount Value="10"/>
      </Unit41>
      <Unit42>
        <Filename Value="..\..\..\Lazarus\fpc\2.0.4\source\rtl\objpas\sysutils\sysutilh.inc"/>
        <CursorPos X="4" Y="33"/>
        <TopLine Value="12"/>
        <UsageCount Value="10"/>
      </Unit42>
      <Unit43>
        <Filename Value="uextrabomb.pas"/>
        <UnitName Value="UExtraBomb"/>
        <CursorPos X="1" Y="15"/>
        <TopLine Value="15"/>
        <UsageCount Value="10"/>
      </Unit43>
      <Unit44>
        <Filename Value="ucomputer.pas"/>
        <UnitName Value="UComputer"/>
        <CursorPos X="1" Y="1"/>
        <TopLine Value="31"/>
        <EditorIndex Value="3"/>
        <UsageCount Value="100"/>
        <Loaded Value="True"/>
      </Unit44>
      <Unit45>
        <Filename Value="..\..\..\Lazarus\fpc\2.0.4\source\rtl\inc\mathh.inc"/>
        <CursorPos X="14" Y="50"/>
        <TopLine Value="9"/>
        <UsageCount Value="2"/>
      </Unit45>
      <Unit46>
        <Filename Value="ugame.pas"/>
        <UnitName Value="UGame"/>
        <CursorPos X="53" Y="1489"/>
        <TopLine Value="1476"/>
        <EditorIndex Value="4"/>
        <UsageCount Value="100"/>
        <Loaded Value="True"/>
      </Unit46>
      <Unit47>
        <Filename Value="glu.pp"/>
        <UnitName Value="GLu"/>
        <CursorPos X="13" Y="105"/>
        <TopLine Value="71"/>
        <UsageCount Value="2"/>
      </Unit47>
      <Unit48>
        <Filename Value="umulti.pas"/>
        <UnitName Value="UMulti"/>
        <CursorPos X="28" Y="815"/>
        <TopLine Value="790"/>
        <EditorIndex Value="13"/>
        <UsageCount Value="100"/>
        <Loaded Value="True"/>
      </Unit48>
      <Unit49>
        <Filename Value="lnet.pas"/>
        <UnitName Value="lNet"/>
        <CursorPos X="1" Y="675"/>
        <TopLine Value="657"/>
        <UsageCount Value="6"/>
      </Unit49>
      <Unit50>
        <Filename Value="..\..\..\Lazarus\fpc\2.0.4\source\rtl\objpas\sysutils\osutilsh.inc"/>
        <CursorPos X="11" Y="25"/>
        <TopLine Value="18"/>
        <UsageCount Value="3"/>
      </Unit50>
      <Unit51>
        <Filename Value="..\..\..\Lazarus\fpc\2.0.4\source\rtl\inc\socketsh.inc"/>
        <CursorPos X="13" Y="182"/>
        <TopLine Value="163"/>
        <UsageCount Value="3"/>
      </Unit51>
      <Unit52>
        <Filename Value="..\..\..\Lazarus\fpc\2.0.4\source\rtl\win32\winsock2.pp"/>
        <UnitName Value="WinSock2"/>
        <CursorPos X="13" Y="1109"/>
        <TopLine Value="1090"/>
        <UsageCount Value="3"/>
      </Unit52>
      <Unit53>
        <Filename Value="tomwinsock.pas"/>
        <UnitName Value="tomWINSOCK"/>
        <CursorPos X="97" Y="1431"/>
        <TopLine Value="1426"/>
        <UsageCount Value="3"/>
      </Unit53>
      <Unit54>
        <Filename Value="udrop.pas"/>
        <UnitName Value="udrop"/>
        <CursorPos X="1" Y="37"/>
        <TopLine Value="1"/>
        <UsageCount Value="14"/>
      </Unit54>
      <Unit55>
        <Filename Value="ugrab.pas"/>
        <IsPartOfProject Value="True"/>
        <UnitName Value="UGrab"/>
        <CursorPos X="1" Y="15"/>
        <TopLine Value="3"/>
        <UsageCount Value="200"/>
      </Unit55>
      <Unit56>
        <Filename Value="uitem.pas"/>
        <UnitName Value="UItem"/>
        <CursorPos X="1" Y="56"/>
        <TopLine Value="11"/>
        <EditorIndex Value="6"/>
        <UsageCount Value="61"/>
        <Loaded Value="True"/>
      </Unit56>
      <Unit57>
        <Filename Value="ujelly.pas"/>
        <IsPartOfProject Value="True"/>
        <UnitName Value="UJelly"/>
        <CursorPos X="20" Y="32"/>
        <TopLine Value="12"/>
        <UsageCount Value="174"/>
      </Unit57>
      <Unit58>
        <Filename Value="ujellybomb.pas"/>
        <IsPartOfProject Value="True"/>
        <UnitName Value="UJellyBomb"/>
        <CursorPos X="22" Y="9"/>
        <TopLine Value="1"/>
        <EditorIndex Value="12"/>
        <UsageCount Value="171"/>
        <Loaded Value="True"/>
      </Unit58>
      <Unit59>
        <Filename Value="ulistbomb.pas"/>
        <IsPartOfProject Value="True"/>
        <UnitName Value="UListBomb"/>
        <CursorPos X="1" Y="83"/>
        <TopLine Value="62"/>
        <EditorIndex Value="23"/>
        <UsageCount Value="152"/>
        <Loaded Value="True"/>
      </Unit59>
      <Unit60>
        <Filename Value="upunch.pas"/>
        <IsPartOfProject Value="True"/>
        <UnitName Value="UPunch"/>
        <CursorPos X="19" Y="32"/>
        <TopLine Value="3"/>
        <UsageCount Value="151"/>
      </Unit60>
      <Unit61>
        <Filename Value="uspoil.pas"/>
        <IsPartOfProject Value="True"/>
        <UnitName Value="USpoil"/>
        <CursorPos X="1" Y="1"/>
        <TopLine Value="1"/>
        <UsageCount Value="147"/>
      </Unit61>
      <Unit62>
        <Filename Value="uspoog.pas"/>
        <IsPartOfProject Value="True"/>
        <UnitName Value="USpoog"/>
        <CursorPos X="17" Y="32"/>
        <TopLine Value="12"/>
        <UsageCount Value="146"/>
      </Unit62>
      <Unit63>
        <Filename Value="ugoldflame.pas"/>
        <IsPartOfProject Value="True"/>
        <UnitName Value="UGoldFlame"/>
        <CursorPos X="27" Y="32"/>
        <TopLine Value="1"/>
        <UsageCount Value="146"/>
      </Unit63>
      <Unit64>
        <Filename Value="utriggerbomb.pas"/>
        <IsPartOfProject Value="True"/>
        <UnitName Value="UTriggerBomb"/>
        <CursorPos X="1" Y="35"/>
        <TopLine Value="8"/>
        <EditorIndex Value="21"/>
        <UsageCount Value="145"/>
        <Loaded Value="True"/>
      </Unit64>
      <Unit65>
        <Filename Value="utrigger.pas"/>
        <IsPartOfProject Value="True"/>
        <UnitName Value="UTrigger"/>
        <CursorPos X="23" Y="32"/>
        <TopLine Value="1"/>
        <EditorIndex Value="11"/>
        <UsageCount Value="144"/>
        <Loaded Value="True"/>
      </Unit65>
      <Unit66>
        <Filename Value="F:\lazarus\fpc\2.0.4\source\rtl\inc\systemh.inc"/>
        <CursorPos X="11" Y="421"/>
        <TopLine Value="402"/>
        <UsageCount Value="9"/>
      </Unit66>
      <Unit67>
        <Filename Value="usuperdisease.pas"/>
        <IsPartOfProject Value="True"/>
        <UnitName Value="USuperDisease"/>
        <CursorPos X="25" Y="26"/>
        <TopLine Value="7"/>
        <EditorIndex Value="18"/>
        <UsageCount Value="143"/>
        <Loaded Value="True"/>
      </Unit67>
      <Unit68>
        <Filename Value="urandomdisease.pas"/>
        <IsPartOfProject Value="True"/>
        <UnitName Value="URandomDisease"/>
        <CursorPos X="1" Y="57"/>
        <TopLine Value="20"/>
        <UsageCount Value="141"/>
      </Unit68>
      <Unit69>
        <Filename Value="urandombonus.pas"/>
        <IsPartOfProject Value="True"/>
        <UnitName Value="URandomBonus"/>
        <CursorPos X="68" Y="38"/>
        <TopLine Value="14"/>
        <EditorIndex Value="8"/>
        <UsageCount Value="140"/>
        <Loaded Value="True"/>
      </Unit69>
      <Unit70>
        <Filename Value="..\..\..\Users\Stephane\Desktop\Nouveau dossier\outils_unit.pas"/>
        <UnitName Value="outils_unit"/>
        <CursorPos X="1" Y="1"/>
        <TopLine Value="1"/>
        <UsageCount Value="9"/>
      </Unit70>
      <Unit71>
        <Filename Value="F:\lazarus\fpc\2.0.4\source\rtl\inc\objpash.inc"/>
        <CursorPos X="22" Y="123"/>
        <TopLine Value="104"/>
        <UsageCount Value="9"/>
      </Unit71>
      <Unit72>
        <Filename Value="uai.pas"/>
        <IsPartOfProject Value="True"/>
        <UnitName Value="uAI"/>
        <CursorPos X="29" Y="190"/>
        <TopLine Value="166"/>
        <UsageCount Value="139"/>
      </Unit72>
      <Unit73>
        <Filename Value="C:\Users\Public\Documents\School\Informatique\Pascal\Programmes\correction_addition.pas"/>
        <UnitName Value="addition"/>
        <CursorPos X="1" Y="1"/>
        <TopLine Value="1"/>
        <UsageCount Value="9"/>
      </Unit73>
      <Unit74>
        <Filename Value="C:\Lazarus\lcl\forms.pp"/>
        <UnitName Value="Forms"/>
        <CursorPos X="1" Y="1"/>
        <TopLine Value="13"/>
        <UsageCount Value="9"/>
      </Unit74>
      <Unit75>
        <Filename Value="C:\Lazarus\fpc\2.0.4\source\rtl\objpas\sysutils\sysstrh.inc"/>
        <CursorPos X="6" Y="50"/>
        <TopLine Value="29"/>
        <EditorIndex Value="14"/>
        <UsageCount Value="21"/>
        <Loaded Value="True"/>
      </Unit75>
      <Unit76>
        <Filename Value="C:\Lazarus\fpc\2.0.4\source\rtl\inc\systemh.inc"/>
        <CursorPos X="11" Y="65"/>
        <TopLine Value="261"/>
        <UsageCount Value="10"/>
      </Unit76>
      <Unit77>
        <Filename Value="C:\Lazarus\fpc\2.0.4\source\rtl\objpas\sysutils\sysstr.inc"/>
        <CursorPos X="22" Y="1311"/>
        <TopLine Value="1290"/>
        <EditorIndex Value="15"/>
        <UsageCount Value="20"/>
        <Loaded Value="True"/>
      </Unit77>
      <Unit78>
        <Filename Value="uflameup.pas"/>
        <UnitName Value="UFlameUp"/>
        <CursorPos X="1" Y="1"/>
        <TopLine Value="1"/>
        <EditorIndex Value="9"/>
        <UsageCount Value="16"/>
        <Loaded Value="True"/>
      </Unit78>
    </Units>
    <JumpHistory Count="22" HistoryIndex="21">
      <Position1>
        <Filename Value="umulti.pas"/>
        <Caret Line="823" Column="30" TopLine="815"/>
      </Position1>
      <Position2>
        <Filename Value="utriggerbomb.pas"/>
        <Caret Line="26" Column="43" TopLine="8"/>
      </Position2>
      <Position3>
        <Filename Value="utriggerbomb.pas"/>
        <Caret Line="27" Column="32" TopLine="8"/>
      </Position3>
      <Position4>
        <Filename Value="ubomberman.pas"/>
        <Caret Line="830" Column="36" TopLine="827"/>
      </Position4>
      <Position5>
        <Filename Value="utriggerbomb.pas"/>
        <Caret Line="32" Column="1" TopLine="8"/>
      </Position5>
      <Position6>
        <Filename Value="ubomberman.pas"/>
        <Caret Line="823" Column="54" TopLine="812"/>
      </Position6>
      <Position7>
        <Filename Value="utriggerbomb.pas"/>
        <Caret Line="31" Column="1" TopLine="8"/>
      </Position7>
      <Position8>
        <Filename Value="ubomberman.pas"/>
        <Caret Line="833" Column="1" TopLine="812"/>
      </Position8>
      <Position9>
        <Filename Value="ubomberman.pas"/>
        <Caret Line="939" Column="12" TopLine="912"/>
      </Position9>
      <Position10>
        <Filename Value="ulistbomb.pas"/>
        <Caret Line="58" Column="2" TopLine="50"/>
      </Position10>
      <Position11>
        <Filename Value="ubomberman.pas"/>
        <Caret Line="938" Column="28" TopLine="922"/>
      </Position11>
      <Position12>
        <Filename Value="ubomberman.pas"/>
        <Caret Line="941" Column="19" TopLine="922"/>
      </Position12>
      <Position13>
        <Filename Value="utriggerbomb.pas"/>
        <Caret Line="32" Column="1" TopLine="8"/>
      </Position13>
      <Position14>
        <Filename Value="utriggerbomb.pas"/>
        <Caret Line="33" Column="1" TopLine="8"/>
      </Position14>
      <Position15>
        <Filename Value="utriggerbomb.pas"/>
        <Caret Line="34" Column="1" TopLine="8"/>
      </Position15>
      <Position16>
        <Filename Value="utriggerbomb.pas"/>
        <Caret Line="29" Column="1" TopLine="8"/>
      </Position16>
      <Position17>
        <Filename Value="utriggerbomb.pas"/>
        <Caret Line="35" Column="1" TopLine="8"/>
      </Position17>
      <Position18>
        <Filename Value="utriggerbomb.pas"/>
        <Caret Line="29" Column="1" TopLine="8"/>
      </Position18>
      <Position19>
        <Filename Value="utriggerbomb.pas"/>
        <Caret Line="35" Column="1" TopLine="8"/>
      </Position19>
      <Position20>
        <Filename Value="ulistbomb.pas"/>
        <Caret Line="66" Column="1" TopLine="45"/>
      </Position20>
      <Position21>
        <Filename Value="ulistbomb.pas"/>
        <Caret Line="82" Column="1" TopLine="61"/>
      </Position21>
      <Position22>
        <Filename Value="ulistbomb.pas"/>
        <Caret Line="83" Column="1" TopLine="62"/>
      </Position22>
    </JumpHistory>
  </ProjectOptions>
  <CompilerOptions>
    <Version Value="5"/>
    <PathDelim Value="\"/>
    <SearchPaths>
      <UnitOutputDirectory Value="exec"/>
      <SrcPath Value="$(LazarusDir)\lcl\;$(LazarusDir)\lcl\interfaces\$(LCLWidgetType)\"/>
    </SearchPaths>
    <CodeGeneration>
      <Generate Value="Faster"/>
    </CodeGeneration>
    <Linking>
      <Options>
        <Win32>
          <GraphicApplication Value="True"/>
        </Win32>
      </Options>
    </Linking>
    <Other>
      <CompilerPath Value="$(CompPath)"/>
    </Other>
  </CompilerOptions>
  <Debugging>
    <BreakPoints Count="2">
      <Item1>
        <Source Value="ubomberman.pas"/>
        <Line Value="943"/>
      </Item1>
      <Item2>
        <Source Value="utriggerbomb.pas"/>
        <Line Value="32"/>
      </Item2>
    </BreakPoints>
    <Watches Count="2">
      <Item1>
        <Expression Value="sData"/>
      </Item1>
      <Item2>
        <Expression Value="fPosition.x"/>
      </Item2>
    </Watches>
  </Debugging>
</CONFIG>
