<?xml version="1.0"?>
<CONFIG>
  <ProjectOptions>
    <PathDelim Value="\"/>
    <Version Value="5"/>
    <General>
      <MainUnit Value="0"/>
      <IconPath Value=".\"/>
      <TargetFileExt Value=".exe"/>
      <ActiveEditorIndexAtStart Value="12"/>
    </General>
    <PublishOptions>
      <Version Value="2"/>
      <DestinationDirectory Value="$(TestDir)\publishedproject\"/>
      <IgnoreBinaries Value="False"/>
      <IncludeFileFilter Value="*.(pas|pp|inc|lfm|lpr|lrs|lpi|lpk|sh|xml)"/>
      <ExcludeFileFilter Value="*.(bak|ppu|ppw|o|so);*~;backup"/>
    </PublishOptions>
    <RunParams>
      <local>
        <FormatVersion Value="1"/>
        <LaunchingApplication PathPlusParams="\usr\X11R6\bin\xterm -T 'Lazarus Run Output' -e $(LazarusDir)\tools\runwait.sh $(TargetCmdLine)"/>
      </local>
    </RunParams>
    <RequiredPackages Count="1">
      <Item1>
        <PackageName Value="LCL"/>
      </Item1>
    </RequiredPackages>
    <Units Count="42">
      <Unit0>
        <Filename Value="atominsa.lpr"/>
        <UnitName Value="atominsa"/>
        <CursorPos X="26" Y="24"/>
        <TopLine Value="11"/>
        <EditorIndex Value="0"/>
        <UsageCount Value="101"/>
        <Loaded Value="True"/>
      </Unit0>
      <Unit1>
        <Filename Value="ucore.pas"/>
        <UnitName Value="UCore"/>
        <CursorPos X="21" Y="808"/>
        <TopLine Value="792"/>
        <EditorIndex Value="7"/>
        <UsageCount Value="101"/>
        <Loaded Value="True"/>
      </Unit1>
      <Unit2>
        <Filename Value="glut.pp"/>
        <UnitName Value="Glut"/>
        <CursorPos X="1" Y="622"/>
        <TopLine Value="603"/>
        <UsageCount Value="2"/>
      </Unit2>
      <Unit3>
        <Filename Value="uutils.pas"/>
        <UnitName Value="UUtils"/>
        <CursorPos X="7" Y="77"/>
        <TopLine Value="64"/>
        <EditorIndex Value="18"/>
        <UsageCount Value="101"/>
        <Loaded Value="True"/>
      </Unit3>
      <Unit4>
        <Filename Value="uform.lfm"/>
        <CursorPos X="1" Y="1"/>
        <TopLine Value="1"/>
        <UsageCount Value="8"/>
        <SyntaxHighlighter Value="LFM"/>
      </Unit4>
      <Unit5>
        <Filename Value="uform.pas"/>
        <ComponentName Value="Window"/>
        <HasResources Value="True"/>
        <ResourceFilename Value="uform.lrs"/>
        <UnitName Value="UForm"/>
        <CursorPos X="11" Y="27"/>
        <TopLine Value="1"/>
        <EditorIndex Value="3"/>
        <UsageCount Value="85"/>
        <Loaded Value="True"/>
      </Unit5>
      <Unit6>
        <Filename Value="gl.pp"/>
        <UnitName Value="GL"/>
        <CursorPos X="3" Y="683"/>
        <TopLine Value="657"/>
        <UsageCount Value="2"/>
      </Unit6>
      <Unit7>
        <Filename Value="usetup.pas"/>
        <UnitName Value="USetup"/>
        <CursorPos X="55" Y="1048"/>
        <TopLine Value="1034"/>
        <EditorIndex Value="17"/>
        <UsageCount Value="99"/>
        <Loaded Value="True"/>
      </Unit7>
      <Unit8>
        <Filename Value="usr\lib\lazarus\lcl\forms.pp"/>
        <UnitName Value="Forms"/>
        <CursorPos X="8" Y="10"/>
        <TopLine Value="1"/>
        <UsageCount Value="10"/>
      </Unit8>
      <Unit9>
        <Filename Value="usr\lib\lazarus\lcl\fpcadds.pas"/>
        <UnitName Value="FPCAdds"/>
        <CursorPos X="1" Y="70"/>
        <TopLine Value="51"/>
        <UsageCount Value="10"/>
      </Unit9>
      <Unit10>
        <Filename Value="graphics.pp"/>
        <UnitName Value="Graphics"/>
        <CursorPos X="20" Y="9"/>
        <TopLine Value="1"/>
        <UsageCount Value="10"/>
      </Unit10>
      <Unit11>
        <Filename Value="ucharacter.pas"/>
        <UnitName Value="UCharacter"/>
        <CursorPos X="21" Y="175"/>
        <TopLine Value="228"/>
        <UsageCount Value="50"/>
      </Unit11>
      <Unit12>
        <Filename Value="umap.pas"/>
        <UnitName Value="UMap"/>
        <CursorPos X="87" Y="163"/>
        <TopLine Value="160"/>
        <UsageCount Value="54"/>
      </Unit12>
      <Unit13>
        <Filename Value="uscheme.pas"/>
        <UnitName Value="UScheme"/>
        <CursorPos X="14" Y="255"/>
        <TopLine Value="92"/>
        <UsageCount Value="53"/>
      </Unit13>
      <Unit14>
        <Filename Value="..\..\Users\Thomas\Desktop\Users\Thomas\Desktop\Lazarus\lcl\include\bitmap.inc"/>
        <CursorPos X="1" Y="563"/>
        <TopLine Value="544"/>
        <UsageCount Value="1"/>
      </Unit14>
      <Unit15>
        <Filename Value="uspawn.pas"/>
        <UnitName Value="USpawn"/>
        <CursorPos X="19" Y="49"/>
        <TopLine Value="30"/>
        <UsageCount Value="52"/>
      </Unit15>
      <Unit16>
        <Filename Value="ugrid.pas"/>
        <UnitName Value="UGrid"/>
        <CursorPos X="23" Y="142"/>
        <TopLine Value="107"/>
        <EditorIndex Value="13"/>
        <UsageCount Value="91"/>
        <Loaded Value="True"/>
      </Unit16>
      <Unit17>
        <Filename Value="ubomberman.pas"/>
        <UnitName Value="UBomberman"/>
        <CursorPos X="29" Y="631"/>
        <TopLine Value="620"/>
        <EditorIndex Value="8"/>
        <UsageCount Value="91"/>
        <Loaded Value="True"/>
      </Unit17>
      <Unit18>
        <Filename Value="udisease.pas"/>
        <UnitName Value="UDisease"/>
        <CursorPos X="1" Y="33"/>
        <TopLine Value="20"/>
        <EditorIndex Value="10"/>
        <UsageCount Value="77"/>
        <Loaded Value="True"/>
      </Unit18>
      <Unit19>
        <Filename Value="usr\lib\lazarus\lcl\intfgraphics.pas"/>
        <UnitName Value="IntfGraphics"/>
        <CursorPos X="26" Y="198"/>
        <TopLine Value="188"/>
        <UsageCount Value="1"/>
      </Unit19>
      <Unit20>
        <Filename Value="usr\lib\lazarus\lcl\graphtype.pp"/>
        <UnitName Value="GraphType"/>
        <CursorPos X="3" Y="39"/>
        <TopLine Value="28"/>
        <UsageCount Value="1"/>
      </Unit20>
      <Unit21>
        <Filename Value="usr\share\fpcsrc\fcl\inc\custapp.pp"/>
        <UnitName Value="CustApp"/>
        <CursorPos X="15" Y="53"/>
        <TopLine Value="34"/>
        <UsageCount Value="2"/>
      </Unit21>
      <Unit22>
        <Filename Value="ubomb.pas"/>
        <UnitName Value="UBomb"/>
        <CursorPos X="32" Y="577"/>
        <TopLine Value="560"/>
        <EditorIndex Value="11"/>
        <UsageCount Value="89"/>
        <Loaded Value="True"/>
      </Unit22>
      <Unit23>
        <Filename Value="uflame.pas"/>
        <UnitName Value="UFlame"/>
        <CursorPos X="4" Y="341"/>
        <TopLine Value="319"/>
        <EditorIndex Value="9"/>
        <UsageCount Value="62"/>
        <Loaded Value="True"/>
      </Unit23>
      <Unit24>
        <Filename Value="JPGIMG.PAS"/>
        <UnitName Value="JpgImg"/>
        <CursorPos X="34" Y="101"/>
        <TopLine Value="90"/>
        <UsageCount Value="2"/>
      </Unit24>
      <Unit25>
        <Filename Value="..\..\Users\Thomas\Desktop\Lazarus\lcl\include\bitmap.inc"/>
        <CursorPos X="1" Y="563"/>
        <TopLine Value="544"/>
        <UsageCount Value="2"/>
      </Unit25>
      <Unit26>
        <Filename Value="fmodtypes.pas"/>
        <UnitName Value="fmodtypes"/>
        <CursorPos X="3" Y="74"/>
        <TopLine Value="55"/>
        <UsageCount Value="2"/>
      </Unit26>
      <Unit27>
        <Filename Value="fmod.pas"/>
        <UnitName Value="fmod"/>
        <CursorPos X="11" Y="144"/>
        <TopLine Value="131"/>
        <UsageCount Value="10"/>
      </Unit27>
      <Unit28>
        <Filename Value="..\..\Lazarus\fpc\2.0.4\source\rtl\objpas\sysutils\sysstrh.inc"/>
        <CursorPos X="28" Y="60"/>
        <TopLine Value="48"/>
        <UsageCount Value="2"/>
      </Unit28>
      <Unit29>
        <Filename Value="ublock.pas"/>
        <UnitName Value="UBlock"/>
        <CursorPos X="11" Y="64"/>
        <TopLine Value="34"/>
        <EditorIndex Value="14"/>
        <UsageCount Value="65"/>
        <Loaded Value="True"/>
      </Unit29>
      <Unit30>
        <Filename Value="umulti.pas"/>
        <UnitName Value="UMulti"/>
        <CursorPos X="41" Y="548"/>
        <TopLine Value="553"/>
        <EditorIndex Value="2"/>
        <UsageCount Value="59"/>
        <Loaded Value="True"/>
      </Unit30>
      <Unit31>
        <Filename Value="ugame.pas"/>
        <UnitName Value="UGame"/>
        <CursorPos X="25" Y="341"/>
        <TopLine Value="381"/>
        <EditorIndex Value="4"/>
        <UsageCount Value="59"/>
        <Loaded Value="True"/>
      </Unit31>
      <Unit32>
        <Filename Value="uitem.pas"/>
        <UnitName Value="UItem"/>
        <CursorPos X="23" Y="34"/>
        <TopLine Value="31"/>
        <EditorIndex Value="15"/>
        <UsageCount Value="38"/>
        <Loaded Value="True"/>
      </Unit32>
      <Unit33>
        <Filename Value="ulistbomb.pas"/>
        <UnitName Value="UListBomb"/>
        <CursorPos X="10" Y="182"/>
        <TopLine Value="169"/>
        <EditorIndex Value="6"/>
        <UsageCount Value="58"/>
        <Loaded Value="True"/>
      </Unit33>
      <Unit34>
        <Filename Value="C:\Lazarus\lcl\interfaces\win32\win32memostrings.inc"/>
        <CursorPos X="1" Y="74"/>
        <TopLine Value="61"/>
        <UsageCount Value="10"/>
      </Unit34>
      <Unit35>
        <Filename Value="uonline.pas"/>
        <IsPartOfProject Value="True"/>
        <UnitName Value="UOnline"/>
        <CursorPos X="20" Y="162"/>
        <TopLine Value="149"/>
        <EditorIndex Value="16"/>
        <UsageCount Value="114"/>
        <Loaded Value="True"/>
      </Unit35>
      <Unit36>
        <Filename Value="umenu.pas"/>
        <UnitName Value="UMenu"/>
        <CursorPos X="17" Y="72"/>
        <TopLine Value="52"/>
        <EditorIndex Value="1"/>
        <UsageCount Value="54"/>
        <Loaded Value="True"/>
      </Unit36>
      <Unit37>
        <Filename Value="urandombonus.pas"/>
        <UnitName Value="URandomBonus"/>
        <CursorPos X="1" Y="53"/>
        <TopLine Value="18"/>
        <EditorIndex Value="5"/>
        <UsageCount Value="18"/>
        <Loaded Value="True"/>
      </Unit37>
      <Unit38>
        <Filename Value="ugrab.pas"/>
        <UnitName Value="UGrab"/>
        <CursorPos X="23" Y="32"/>
        <TopLine Value="1"/>
        <UsageCount Value="4"/>
      </Unit38>
      <Unit39>
        <Filename Value="ucomputer.pas"/>
        <UnitName Value="UComputer"/>
        <CursorPos X="21" Y="205"/>
        <TopLine Value="183"/>
        <EditorIndex Value="12"/>
        <UsageCount Value="45"/>
        <Loaded Value="True"/>
      </Unit39>
      <Unit40>
        <Filename Value="C:\Lazarus\fpc\2.0.4\source\rtl\inc\systemh.inc"/>
        <CursorPos X="11" Y="370"/>
        <TopLine Value="356"/>
        <UsageCount Value="6"/>
      </Unit40>
      <Unit41>
        <Filename Value="C:\Lazarus\fpc\2.0.4\source\rtl\inc\objpash.inc"/>
        <CursorPos X="22" Y="123"/>
        <TopLine Value="110"/>
        <UsageCount Value="8"/>
      </Unit41>
    </Units>
    <JumpHistory Count="16" HistoryIndex="15">
      <Position1>
        <Filename Value="ucomputer.pas"/>
        <Caret Line="198" Column="20" TopLine="185"/>
      </Position1>
      <Position2>
        <Filename Value="ucomputer.pas"/>
        <Caret Line="334" Column="65" TopLine="324"/>
      </Position2>
      <Position3>
        <Filename Value="ubomberman.pas"/>
        <Caret Line="14" Column="23" TopLine="1"/>
      </Position3>
      <Position4>
        <Filename Value="ubomberman.pas"/>
        <Caret Line="29" Column="12" TopLine="16"/>
      </Position4>
      <Position5>
        <Filename Value="ucomputer.pas"/>
        <Caret Line="200" Column="37" TopLine="185"/>
      </Position5>
      <Position6>
        <Filename Value="ucomputer.pas"/>
        <Caret Line="197" Column="20" TopLine="184"/>
      </Position6>
      <Position7>
        <Filename Value="ucomputer.pas"/>
        <Caret Line="201" Column="101" TopLine="185"/>
      </Position7>
      <Position8>
        <Filename Value="ubomberman.pas"/>
        <Caret Line="164" Column="79" TopLine="150"/>
      </Position8>
      <Position9>
        <Filename Value="ubomberman.pas"/>
        <Caret Line="757" Column="43" TopLine="744"/>
      </Position9>
      <Position10>
        <Filename Value="ubomberman.pas"/>
        <Caret Line="786" Column="27" TopLine="772"/>
      </Position10>
      <Position11>
        <Filename Value="umulti.pas"/>
        <Caret Line="1148" Column="29" TopLine="1019"/>
      </Position11>
      <Position12>
        <Filename Value="umulti.pas"/>
        <Caret Line="135" Column="22" TopLine="122"/>
      </Position12>
      <Position13>
        <Filename Value="umulti.pas"/>
        <Caret Line="411" Column="26" TopLine="398"/>
      </Position13>
      <Position14>
        <Filename Value="ubomb.pas"/>
        <Caret Line="568" Column="26" TopLine="556"/>
      </Position14>
      <Position15>
        <Filename Value="ucomputer.pas"/>
        <Caret Line="184" Column="78" TopLine="183"/>
      </Position15>
      <Position16>
        <Filename Value="urandombonus.pas"/>
        <Caret Line="52" Column="1" TopLine="30"/>
      </Position16>
    </JumpHistory>
  </ProjectOptions>
  <CompilerOptions>
    <Version Value="5"/>
    <PathDelim Value="\"/>
    <SearchPaths>
      <UnitOutputDirectory Value="exec"/>
      <SrcPath Value="$(LazarusDir)\lcl\;$(LazarusDir)\lcl\interfaces\$(LCLWidgetType)\"/>
    </SearchPaths>
    <CodeGeneration>
      <Generate Value="Faster"/>
    </CodeGeneration>
    <Linking>
      <Options>
        <Win32>
          <GraphicApplication Value="True"/>
        </Win32>
      </Options>
    </Linking>
    <Other>
      <CompilerPath Value="$(CompPath)"/>
    </Other>
  </CompilerOptions>
  <Debugging>
    <BreakPoints Count="1">
      <Item1>
        <Source Value="urandombonus.pas"/>
        <Line Value="52"/>
      </Item1>
    </BreakPoints>
    <Watches Count="2">
      <Item1>
        <Expression Value="sFile"/>
      </Item1>
      <Item2>
        <Expression Value="pBomberman.SumGrabGetDelta"/>
      </Item2>
    </Watches>
  </Debugging>
</CONFIG>
