<?xml version="1.0"?>
<CONFIG>
  <ProjectOptions>
    <PathDelim Value="\"/>
    <Version Value="5"/>
    <General>
      <MainUnit Value="0"/>
      <IconPath Value=".\"/>
      <TargetFileExt Value=".exe"/>
      <ActiveEditorIndexAtStart Value="17"/>
    </General>
    <PublishOptions>
      <Version Value="2"/>
      <DestinationDirectory Value="$(TestDir)\publishedproject\"/>
      <IgnoreBinaries Value="False"/>
      <IncludeFileFilter Value="*.(pas|pp|inc|lfm|lpr|lrs|lpi|lpk|sh|xml)"/>
      <ExcludeFileFilter Value="*.(bak|ppu|ppw|o|so);*~;backup"/>
    </PublishOptions>
    <RunParams>
      <local>
        <FormatVersion Value="1"/>
        <LaunchingApplication PathPlusParams="\usr\X11R6\bin\xterm -T 'Lazarus Run Output' -e $(LazarusDir)\tools\runwait.sh $(TargetCmdLine)"/>
      </local>
    </RunParams>
    <RequiredPackages Count="1">
      <Item1>
        <PackageName Value="LCL"/>
      </Item1>
    </RequiredPackages>
    <Units Count="32">
      <Unit0>
        <Filename Value="atominsa.lpr"/>
        <UnitName Value="atominsa"/>
        <CursorPos X="1" Y="191"/>
        <TopLine Value="151"/>
        <EditorIndex Value="0"/>
        <UsageCount Value="126"/>
        <Loaded Value="True"/>
      </Unit0>
      <Unit1>
        <Filename Value="ucore.pas"/>
        <UnitName Value="UCore"/>
        <CursorPos X="22" Y="56"/>
        <TopLine Value="84"/>
        <EditorIndex Value="11"/>
        <UsageCount Value="126"/>
        <Loaded Value="True"/>
      </Unit1>
      <Unit2>
        <Filename Value="uutils.pas"/>
        <UnitName Value="UUtils"/>
        <CursorPos X="7" Y="78"/>
        <TopLine Value="66"/>
        <EditorIndex Value="6"/>
        <UsageCount Value="125"/>
        <Loaded Value="True"/>
      </Unit2>
      <Unit3>
        <Filename Value="uform.pas"/>
        <ComponentName Value="Window"/>
        <HasResources Value="True"/>
        <ResourceFilename Value="uform.lrs"/>
        <UnitName Value="UForm"/>
        <CursorPos X="11" Y="27"/>
        <TopLine Value="9"/>
        <EditorIndex Value="16"/>
        <UsageCount Value="72"/>
        <Loaded Value="True"/>
      </Unit3>
      <Unit4>
        <Filename Value="usetup.pas"/>
        <UnitName Value="USetup"/>
        <CursorPos X="26" Y="1023"/>
        <TopLine Value="1019"/>
        <EditorIndex Value="17"/>
        <UsageCount Value="109"/>
        <Loaded Value="True"/>
      </Unit4>
      <Unit5>
        <Filename Value="ucharacter.pas"/>
        <UnitName Value="UCharacter"/>
        <CursorPos X="46" Y="128"/>
        <TopLine Value="1"/>
        <UsageCount Value="97"/>
      </Unit5>
      <Unit6>
        <Filename Value="umap.pas"/>
        <UnitName Value="UMap"/>
        <CursorPos X="37" Y="15"/>
        <TopLine Value="1"/>
        <UsageCount Value="102"/>
      </Unit6>
      <Unit7>
        <Filename Value="uscheme.pas"/>
        <UnitName Value="UScheme"/>
        <CursorPos X="46" Y="123"/>
        <TopLine Value="102"/>
        <UsageCount Value="37"/>
      </Unit7>
      <Unit8>
        <Filename Value="uspawn.pas"/>
        <UnitName Value="USpawn"/>
        <CursorPos X="34" Y="26"/>
        <TopLine Value="4"/>
        <UsageCount Value="99"/>
      </Unit8>
      <Unit9>
        <Filename Value="ugrid.pas"/>
        <UnitName Value="UGrid"/>
        <CursorPos X="32" Y="114"/>
        <TopLine Value="105"/>
        <EditorIndex Value="5"/>
        <UsageCount Value="101"/>
        <Loaded Value="True"/>
      </Unit9>
      <Unit10>
        <Filename Value="ubomberman.pas"/>
        <UnitName Value="UBomberman"/>
        <CursorPos X="21" Y="1579"/>
        <TopLine Value="1572"/>
        <EditorIndex Value="12"/>
        <UsageCount Value="101"/>
        <Loaded Value="True"/>
      </Unit10>
      <Unit11>
        <Filename Value="udisease.pas"/>
        <UnitName Value="UDisease"/>
        <CursorPos X="3" Y="149"/>
        <TopLine Value="156"/>
        <EditorIndex Value="1"/>
        <UsageCount Value="90"/>
        <Loaded Value="True"/>
      </Unit11>
      <Unit12>
        <Filename Value="ubomb.pas"/>
        <UnitName Value="UBomb"/>
        <CursorPos X="53" Y="316"/>
        <TopLine Value="308"/>
        <EditorIndex Value="15"/>
        <UsageCount Value="100"/>
        <Loaded Value="True"/>
      </Unit12>
      <Unit13>
        <Filename Value="uflame.pas"/>
        <UnitName Value="UFlame"/>
        <CursorPos X="31" Y="321"/>
        <TopLine Value="300"/>
        <UsageCount Value="20"/>
      </Unit13>
      <Unit14>
        <Filename Value="ublock.pas"/>
        <UnitName Value="UBlock"/>
        <CursorPos X="23" Y="58"/>
        <TopLine Value="34"/>
        <EditorIndex Value="4"/>
        <UsageCount Value="100"/>
        <Loaded Value="True"/>
      </Unit14>
      <Unit15>
        <Filename Value="umulti.pas"/>
        <UnitName Value="UMulti"/>
        <CursorPos X="36" Y="1090"/>
        <TopLine Value="1081"/>
        <EditorIndex Value="3"/>
        <UsageCount Value="100"/>
        <Loaded Value="True"/>
      </Unit15>
      <Unit16>
        <Filename Value="ugame.pas"/>
        <UnitName Value="UGame"/>
        <CursorPos X="91" Y="2056"/>
        <TopLine Value="1"/>
        <EditorIndex Value="7"/>
        <UsageCount Value="100"/>
        <Loaded Value="True"/>
      </Unit16>
      <Unit17>
        <Filename Value="uitem.pas"/>
        <UnitName Value="UItem"/>
        <CursorPos X="25" Y="25"/>
        <TopLine Value="42"/>
        <EditorIndex Value="2"/>
        <UsageCount Value="100"/>
        <Loaded Value="True"/>
      </Unit17>
      <Unit18>
        <Filename Value="ulistbomb.pas"/>
        <UnitName Value="UListBomb"/>
        <CursorPos X="27" Y="264"/>
        <TopLine Value="255"/>
        <EditorIndex Value="13"/>
        <UsageCount Value="102"/>
        <Loaded Value="True"/>
      </Unit18>
      <Unit19>
        <Filename Value="uonline.pas"/>
        <IsPartOfProject Value="True"/>
        <UnitName Value="UOnline"/>
        <CursorPos X="54" Y="189"/>
        <TopLine Value="36"/>
        <EditorIndex Value="18"/>
        <UsageCount Value="200"/>
        <Loaded Value="True"/>
      </Unit19>
      <Unit20>
        <Filename Value="lnet.pas"/>
        <UnitName Value="lNet"/>
        <CursorPos X="16" Y="1029"/>
        <TopLine Value="1007"/>
        <UsageCount Value="10"/>
      </Unit20>
      <Unit21>
        <Filename Value="urandombonus.pas"/>
        <UnitName Value="URandomBonus"/>
        <CursorPos X="100" Y="41"/>
        <TopLine Value="18"/>
        <EditorIndex Value="9"/>
        <UsageCount Value="59"/>
        <Loaded Value="True"/>
      </Unit21>
      <Unit22>
        <Filename Value="C:\Lazarus\fpc\2.0.4\source\rtl\objpas\sysutils\sysstrh.inc"/>
        <CursorPos X="23" Y="111"/>
        <TopLine Value="89"/>
        <UsageCount Value="7"/>
      </Unit22>
      <Unit23>
        <Filename Value="C:\Lazarus\fpc\2.0.4\source\rtl\inc\systemh.inc"/>
        <CursorPos X="11" Y="370"/>
        <TopLine Value="349"/>
        <UsageCount Value="7"/>
      </Unit23>
      <Unit24>
        <Filename Value="ucomputer.pas"/>
        <UnitName Value="UComputer"/>
        <CursorPos X="52" Y="238"/>
        <TopLine Value="224"/>
        <EditorIndex Value="14"/>
        <UsageCount Value="77"/>
        <Loaded Value="True"/>
      </Unit24>
      <Unit25>
        <Filename Value="utriggerbomb.pas"/>
        <UnitName Value="UTriggerBomb"/>
        <CursorPos X="16" Y="15"/>
        <TopLine Value="1"/>
        <UsageCount Value="10"/>
      </Unit25>
      <Unit26>
        <Filename Value="umenu.pas"/>
        <UnitName Value="UMenu"/>
        <CursorPos X="17" Y="248"/>
        <TopLine Value="195"/>
        <EditorIndex Value="10"/>
        <UsageCount Value="61"/>
        <Loaded Value="True"/>
      </Unit26>
      <Unit27>
        <Filename Value="fmod.pas"/>
        <UnitName Value="fmod"/>
        <CursorPos X="44" Y="183"/>
        <TopLine Value="170"/>
        <UsageCount Value="7"/>
      </Unit27>
      <Unit28>
        <Filename Value="ueditor.pas"/>
        <UnitName Value="UEditor"/>
        <CursorPos X="50" Y="197"/>
        <TopLine Value="38"/>
        <UsageCount Value="7"/>
      </Unit28>
      <Unit29>
        <Filename Value="unetwork.pas"/>
        <IsPartOfProject Value="True"/>
        <UnitName Value="UNetwork"/>
        <CursorPos X="26" Y="144"/>
        <TopLine Value="3"/>
        <EditorIndex Value="19"/>
        <UsageCount Value="114"/>
        <Loaded Value="True"/>
      </Unit29>
      <Unit30>
        <Filename Value="gl.pp"/>
        <UnitName Value="GL"/>
        <CursorPos X="82" Y="1994"/>
        <TopLine Value="1982"/>
        <UsageCount Value="7"/>
      </Unit30>
      <Unit31>
        <Filename Value="upunch.pas"/>
        <UnitName Value="UPunch"/>
        <CursorPos X="22" Y="32"/>
        <TopLine Value="1"/>
        <EditorIndex Value="8"/>
        <UsageCount Value="24"/>
        <Loaded Value="True"/>
      </Unit31>
    </Units>
    <JumpHistory Count="1" HistoryIndex="0">
      <Position1>
        <Filename Value="usetup.pas"/>
        <Caret Line="625" Column="35" TopLine="1"/>
      </Position1>
    </JumpHistory>
  </ProjectOptions>
  <CompilerOptions>
    <Version Value="5"/>
    <PathDelim Value="\"/>
    <SearchPaths>
      <UnitOutputDirectory Value="exec"/>
      <SrcPath Value="$(LazarusDir)\lcl\;$(LazarusDir)\lcl\interfaces\$(LCLWidgetType)\"/>
    </SearchPaths>
    <CodeGeneration>
      <Generate Value="Faster"/>
    </CodeGeneration>
    <Linking>
      <Options>
        <PassLinkerOptions Value="True"/>
        <Win32>
          <GraphicApplication Value="True"/>
        </Win32>
      </Options>
    </Linking>
    <Other>
      <CompilerPath Value="$(CompPath)"/>
    </Other>
  </CompilerOptions>
  <Debugging>
    <BreakPoints Count="4">
      <Item1>
        <Source Value="ugrid.pas"/>
        <Line Value="151"/>
      </Item1>
      <Item2>
        <Source Value="ugrid.pas"/>
        <Line Value="143"/>
      </Item2>
      <Item3>
        <Source Value="ugrid.pas"/>
        <Line Value="117"/>
      </Item3>
      <Item4>
        <Source Value="umulti.pas"/>
        <Line Value="772"/>
      </Item4>
    </BreakPoints>
    <Watches Count="6">
      <Item1>
        <Expression Value="pBomberman.nDangerRight"/>
      </Item1>
      <Item2>
        <Expression Value="pBomberman.nDangerUp"/>
      </Item2>
      <Item3>
        <Expression Value="pBomberman.nDangerDown"/>
      </Item3>
      <Item4>
        <Expression Value="pBomberman.nDanger"/>
      </Item4>
      <Item5>
        <Expression Value="pBomberman.nDangerLeft"/>
      </Item5>
      <Item6>
        <Expression Value="pBomberman.fumDirGetDelta"/>
      </Item6>
    </Watches>
  </Debugging>
</CONFIG>
